// !$*UTF8*$!
{
	archiveVersion = 1;
	classes = {
	};
	objectVersion = 56;
	objects = {

/* Begin PBXBuildFile section */
		A5503B0D2B329E1C00C80736 /* main.c in Sources */ = {isa = PBXBuildFile; fileRef = A5503B0C2B329E1C00C80736 /* main.c */; };
		A5503B1A2B329E6700C80736 /* main.c in Sources */ = {isa = PBXBuildFile; fileRef = A5503B192B329E6700C80736 /* main.c */; };
		A5503B252B329E7100C80736 /* main.c in Sources */ = {isa = PBXBuildFile; fileRef = A5503B242B329E7100C80736 /* main.c */; };
		A5503B302B329E7700C80736 /* main.c in Sources */ = {isa = PBXBuildFile; fileRef = A5503B2F2B329E7700C80736 /* main.c */; };
		A5503B3B2B329E7B00C80736 /* main.c in Sources */ = {isa = PBXBuildFile; fileRef = A5503B3A2B329E7B00C80736 /* main.c */; };
		A5503B462B329E8300C80736 /* main.c in Sources */ = {isa = PBXBuildFile; fileRef = A5503B452B329E8300C80736 /* main.c */; };
		A5503B512B329E8600C80736 /* main.c in Sources */ = {isa = PBXBuildFile; fileRef = A5503B502B329E8600C80736 /* main.c */; };
		A5503B5C2B329E8900C80736 /* main.c in Sources */ = {isa = PBXBuildFile; fileRef = A5503B5B2B329E8900C80736 /* main.c */; };
		A5503B672B329E9300C80736 /* main.c in Sources */ = {isa = PBXBuildFile; fileRef = A5503B662B329E9300C80736 /* main.c */; };
		A5503B722B329E9700C80736 /* main.c in Sources */ = {isa = PBXBuildFile; fileRef = A5503B712B329E9700C80736 /* main.c */; };
/* End PBXBuildFile section */

/* Begin PBXCopyFilesBuildPhase section */
		A5503B072B329E1C00C80736 /* CopyFiles */ = {
			isa = PBXCopyFilesBuildPhase;
			buildActionMask = 2147483647;
			dstPath = /usr/share/man/man1/;
			dstSubfolderSpec = 0;
			files = (
			);
			runOnlyForDeploymentPostprocessing = 1;
		};
		A5503B152B329E6700C80736 /* CopyFiles */ = {
			isa = PBXCopyFilesBuildPhase;
			buildActionMask = 2147483647;
			dstPath = /usr/share/man/man1/;
			dstSubfolderSpec = 0;
			files = (
			);
			runOnlyForDeploymentPostprocessing = 1;
		};
		A5503B202B329E7100C80736 /* CopyFiles */ = {
			isa = PBXCopyFilesBuildPhase;
			buildActionMask = 2147483647;
			dstPath = /usr/share/man/man1/;
			dstSubfolderSpec = 0;
			files = (
			);
			runOnlyForDeploymentPostprocessing = 1;
		};
		A5503B2B2B329E7700C80736 /* CopyFiles */ = {
			isa = PBXCopyFilesBuildPhase;
			buildActionMask = 2147483647;
			dstPath = /usr/share/man/man1/;
			dstSubfolderSpec = 0;
			files = (
			);
			runOnlyForDeploymentPostprocessing = 1;
		};
		A5503B362B329E7B00C80736 /* CopyFiles */ = {
			isa = PBXCopyFilesBuildPhase;
			buildActionMask = 2147483647;
			dstPath = /usr/share/man/man1/;
			dstSubfolderSpec = 0;
			files = (
			);
			runOnlyForDeploymentPostprocessing = 1;
		};
		A5503B412B329E8300C80736 /* CopyFiles */ = {
			isa = PBXCopyFilesBuildPhase;
			buildActionMask = 2147483647;
			dstPath = /usr/share/man/man1/;
			dstSubfolderSpec = 0;
			files = (
			);
			runOnlyForDeploymentPostprocessing = 1;
		};
		A5503B4C2B329E8600C80736 /* CopyFiles */ = {
			isa = PBXCopyFilesBuildPhase;
			buildActionMask = 2147483647;
			dstPath = /usr/share/man/man1/;
			dstSubfolderSpec = 0;
			files = (
			);
			runOnlyForDeploymentPostprocessing = 1;
		};
		A5503B572B329E8900C80736 /* CopyFiles */ = {
			isa = PBXCopyFilesBuildPhase;
			buildActionMask = 2147483647;
			dstPath = /usr/share/man/man1/;
			dstSubfolderSpec = 0;
			files = (
			);
			runOnlyForDeploymentPostprocessing = 1;
		};
		A5503B622B329E9200C80736 /* CopyFiles */ = {
			isa = PBXCopyFilesBuildPhase;
			buildActionMask = 2147483647;
			dstPath = /usr/share/man/man1/;
			dstSubfolderSpec = 0;
			files = (
			);
			runOnlyForDeploymentPostprocessing = 1;
		};
		A5503B6D2B329E9700C80736 /* CopyFiles */ = {
			isa = PBXCopyFilesBuildPhase;
			buildActionMask = 2147483647;
			dstPath = /usr/share/man/man1/;
			dstSubfolderSpec = 0;
			files = (
			);
			runOnlyForDeploymentPostprocessing = 1;
		};
/* End PBXCopyFilesBuildPhase section */

/* Begin PBXFileReference section */
		A5503B092B329E1C00C80736 /* 1 */ = {isa = PBXFileReference; explicitFileType = "compiled.mach-o.executable"; includeInIndex = 0; path = 1; sourceTree = BUILT_PRODUCTS_DIR; };
		A5503B0C2B329E1C00C80736 /* main.c */ = {isa = PBXFileReference; lastKnownFileType = sourcecode.c.c; path = main.c; sourceTree = "<group>"; };
		A5503B172B329E6700C80736 /* 2 */ = {isa = PBXFileReference; explicitFileType = "compiled.mach-o.executable"; includeInIndex = 0; path = 2; sourceTree = BUILT_PRODUCTS_DIR; };
		A5503B192B329E6700C80736 /* main.c */ = {isa = PBXFileReference; lastKnownFileType = sourcecode.c.c; path = main.c; sourceTree = "<group>"; };
		A5503B222B329E7100C80736 /* 3 */ = {isa = PBXFileReference; explicitFileType = "compiled.mach-o.executable"; includeInIndex = 0; path = 3; sourceTree = BUILT_PRODUCTS_DIR; };
		A5503B242B329E7100C80736 /* main.c */ = {isa = PBXFileReference; lastKnownFileType = sourcecode.c.c; path = main.c; sourceTree = "<group>"; };
		A5503B2D2B329E7700C80736 /* 4 */ = {isa = PBXFileReference; explicitFileType = "compiled.mach-o.executable"; includeInIndex = 0; path = 4; sourceTree = BUILT_PRODUCTS_DIR; };
		A5503B2F2B329E7700C80736 /* main.c */ = {isa = PBXFileReference; lastKnownFileType = sourcecode.c.c; path = main.c; sourceTree = "<group>"; };
		A5503B382B329E7B00C80736 /* 5 */ = {isa = PBXFileReference; explicitFileType = "compiled.mach-o.executable"; includeInIndex = 0; path = 5; sourceTree = BUILT_PRODUCTS_DIR; };
		A5503B3A2B329E7B00C80736 /* main.c */ = {isa = PBXFileReference; lastKnownFileType = sourcecode.c.c; path = main.c; sourceTree = "<group>"; };
		A5503B432B329E8300C80736 /* 6 */ = {isa = PBXFileReference; explicitFileType = "compiled.mach-o.executable"; includeInIndex = 0; path = 6; sourceTree = BUILT_PRODUCTS_DIR; };
		A5503B452B329E8300C80736 /* main.c */ = {isa = PBXFileReference; lastKnownFileType = sourcecode.c.c; path = main.c; sourceTree = "<group>"; };
		A5503B4E2B329E8600C80736 /* 7 */ = {isa = PBXFileReference; explicitFileType = "compiled.mach-o.executable"; includeInIndex = 0; path = 7; sourceTree = BUILT_PRODUCTS_DIR; };
		A5503B502B329E8600C80736 /* main.c */ = {isa = PBXFileReference; lastKnownFileType = sourcecode.c.c; path = main.c; sourceTree = "<group>"; };
		A5503B592B329E8900C80736 /* 8 */ = {isa = PBXFileReference; explicitFileType = "compiled.mach-o.executable"; includeInIndex = 0; path = 8; sourceTree = BUILT_PRODUCTS_DIR; };
		A5503B5B2B329E8900C80736 /* main.c */ = {isa = PBXFileReference; lastKnownFileType = sourcecode.c.c; path = main.c; sourceTree = "<group>"; };
		A5503B642B329E9300C80736 /* 9 */ = {isa = PBXFileReference; explicitFileType = "compiled.mach-o.executable"; includeInIndex = 0; path = 9; sourceTree = BUILT_PRODUCTS_DIR; };
		A5503B662B329E9300C80736 /* main.c */ = {isa = PBXFileReference; lastKnownFileType = sourcecode.c.c; path = main.c; sourceTree = "<group>"; };
		A5503B6F2B329E9700C80736 /* 10 */ = {isa = PBXFileReference; explicitFileType = "compiled.mach-o.executable"; includeInIndex = 0; path = 10; sourceTree = BUILT_PRODUCTS_DIR; };
		A5503B712B329E9700C80736 /* main.c */ = {isa = PBXFileReference; lastKnownFileType = sourcecode.c.c; path = main.c; sourceTree = "<group>"; };
/* End PBXFileReference section */

/* Begin PBXFrameworksBuildPhase section */
		A5503B062B329E1C00C80736 /* Frameworks */ = {
			isa = PBXFrameworksBuildPhase;
			buildActionMask = 2147483647;
			files = (
			);
			runOnlyForDeploymentPostprocessing = 0;
		};
		A5503B142B329E6700C80736 /* Frameworks */ = {
			isa = PBXFrameworksBuildPhase;
			buildActionMask = 2147483647;
			files = (
			);
			runOnlyForDeploymentPostprocessing = 0;
		};
		A5503B1F2B329E7100C80736 /* Frameworks */ = {
			isa = PBXFrameworksBuildPhase;
			buildActionMask = 2147483647;
			files = (
			);
			runOnlyForDeploymentPostprocessing = 0;
		};
		A5503B2A2B329E7700C80736 /* Frameworks */ = {
			isa = PBXFrameworksBuildPhase;
			buildActionMask = 2147483647;
			files = (
			);
			runOnlyForDeploymentPostprocessing = 0;
		};
		A5503B352B329E7B00C80736 /* Frameworks */ = {
			isa = PBXFrameworksBuildPhase;
			buildActionMask = 2147483647;
			files = (
			);
			runOnlyForDeploymentPostprocessing = 0;
		};
		A5503B402B329E8300C80736 /* Frameworks */ = {
			isa = PBXFrameworksBuildPhase;
			buildActionMask = 2147483647;
			files = (
			);
			runOnlyForDeploymentPostprocessing = 0;
		};
		A5503B4B2B329E8600C80736 /* Frameworks */ = {
			isa = PBXFrameworksBuildPhase;
			buildActionMask = 2147483647;
			files = (
			);
			runOnlyForDeploymentPostprocessing = 0;
		};
		A5503B562B329E8900C80736 /* Frameworks */ = {
			isa = PBXFrameworksBuildPhase;
			buildActionMask = 2147483647;
			files = (
			);
			runOnlyForDeploymentPostprocessing = 0;
		};
		A5503B612B329E9200C80736 /* Frameworks */ = {
			isa = PBXFrameworksBuildPhase;
			buildActionMask = 2147483647;
			files = (
			);
			runOnlyForDeploymentPostprocessing = 0;
		};
		A5503B6C2B329E9700C80736 /* Frameworks */ = {
			isa = PBXFrameworksBuildPhase;
			buildActionMask = 2147483647;
			files = (
			);
			runOnlyForDeploymentPostprocessing = 0;
		};
/* End PBXFrameworksBuildPhase section */

/* Begin PBXGroup section */
		A5503B002B329E1C00C80736 = {
			isa = PBXGroup;
			children = (
				A5503B0B2B329E1C00C80736 /* 1 */,
				A5503B182B329E6700C80736 /* 2 */,
				A5503B232B329E7100C80736 /* 3 */,
				A5503B2E2B329E7700C80736 /* 4 */,
				A5503B392B329E7B00C80736 /* 5 */,
				A5503B442B329E8300C80736 /* 6 */,
				A5503B4F2B329E8600C80736 /* 7 */,
				A5503B5A2B329E8900C80736 /* 8 */,
				A5503B652B329E9300C80736 /* 9 */,
				A5503B702B329E9700C80736 /* 10 */,
				A5503B0A2B329E1C00C80736 /* Products */,
			);
			sourceTree = "<group>";
		};
		A5503B0A2B329E1C00C80736 /* Products */ = {
			isa = PBXGroup;
			children = (
				A5503B092B329E1C00C80736 /* 1 */,
				A5503B172B329E6700C80736 /* 2 */,
				A5503B222B329E7100C80736 /* 3 */,
				A5503B2D2B329E7700C80736 /* 4 */,
				A5503B382B329E7B00C80736 /* 5 */,
				A5503B432B329E8300C80736 /* 6 */,
				A5503B4E2B329E8600C80736 /* 7 */,
				A5503B592B329E8900C80736 /* 8 */,
				A5503B642B329E9300C80736 /* 9 */,
				A5503B6F2B329E9700C80736 /* 10 */,
			);
			name = Products;
			sourceTree = "<group>";
		};
		A5503B0B2B329E1C00C80736 /* 1 */ = {
			isa = PBXGroup;
			children = (
				A5503B0C2B329E1C00C80736 /* main.c */,
			);
			path = 1;
			sourceTree = "<group>";
		};
		A5503B182B329E6700C80736 /* 2 */ = {
			isa = PBXGroup;
			children = (
				A5503B192B329E6700C80736 /* main.c */,
			);
			path = 2;
			sourceTree = "<group>";
		};
		A5503B232B329E7100C80736 /* 3 */ = {
			isa = PBXGroup;
			children = (
				A5503B242B329E7100C80736 /* main.c */,
			);
			path = 3;
			sourceTree = "<group>";
		};
		A5503B2E2B329E7700C80736 /* 4 */ = {
			isa = PBXGroup;
			children = (
				A5503B2F2B329E7700C80736 /* main.c */,
			);
			path = 4;
			sourceTree = "<group>";
		};
		A5503B392B329E7B00C80736 /* 5 */ = {
			isa = PBXGroup;
			children = (
				A5503B3A2B329E7B00C80736 /* main.c */,
			);
			path = 5;
			sourceTree = "<group>";
		};
		A5503B442B329E8300C80736 /* 6 */ = {
			isa = PBXGroup;
			children = (
				A5503B452B329E8300C80736 /* main.c */,
			);
			path = 6;
			sourceTree = "<group>";
		};
		A5503B4F2B329E8600C80736 /* 7 */ = {
			isa = PBXGroup;
			children = (
				A5503B502B329E8600C80736 /* main.c */,
			);
			path = 7;
			sourceTree = "<group>";
		};
		A5503B5A2B329E8900C80736 /* 8 */ = {
			isa = PBXGroup;
			children = (
				A5503B5B2B329E8900C80736 /* main.c */,
			);
			path = 8;
			sourceTree = "<group>";
		};
		A5503B652B329E9300C80736 /* 9 */ = {
			isa = PBXGroup;
			children = (
				A5503B662B329E9300C80736 /* main.c */,
			);
			path = 9;
			sourceTree = "<group>";
		};
		A5503B702B329E9700C80736 /* 10 */ = {
			isa = PBXGroup;
			children = (
				A5503B712B329E9700C80736 /* main.c */,
			);
			path = 10;
			sourceTree = "<group>";
		};
/* End PBXGroup section */

/* Begin PBXNativeTarget section */
		A5503B082B329E1C00C80736 /* 1 */ = {
			isa = PBXNativeTarget;
			buildConfigurationList = A5503B102B329E1C00C80736 /* Build configuration list for PBXNativeTarget "1" */;
			buildPhases = (
				A5503B052B329E1C00C80736 /* Sources */,
				A5503B062B329E1C00C80736 /* Frameworks */,
				A5503B072B329E1C00C80736 /* CopyFiles */,
			);
			buildRules = (
			);
			dependencies = (
			);
			name = 1;
			productName = 1_lab;
			productReference = A5503B092B329E1C00C80736 /* 1 */;
			productType = "com.apple.product-type.tool";
		};
		A5503B162B329E6700C80736 /* 2 */ = {
			isa = PBXNativeTarget;
			buildConfigurationList = A5503B1B2B329E6700C80736 /* Build configuration list for PBXNativeTarget "2" */;
			buildPhases = (
				A5503B132B329E6700C80736 /* Sources */,
				A5503B142B329E6700C80736 /* Frameworks */,
				A5503B152B329E6700C80736 /* CopyFiles */,
			);
			buildRules = (
			);
			dependencies = (
			);
			name = 2;
			productName = 2;
			productReference = A5503B172B329E6700C80736 /* 2 */;
			productType = "com.apple.product-type.tool";
		};
		A5503B212B329E7100C80736 /* 3 */ = {
			isa = PBXNativeTarget;
			buildConfigurationList = A5503B262B329E7100C80736 /* Build configuration list for PBXNativeTarget "3" */;
			buildPhases = (
				A5503B1E2B329E7100C80736 /* Sources */,
				A5503B1F2B329E7100C80736 /* Frameworks */,
				A5503B202B329E7100C80736 /* CopyFiles */,
			);
			buildRules = (
			);
			dependencies = (
			);
			name = 3;
			productName = 3;
			productReference = A5503B222B329E7100C80736 /* 3 */;
			productType = "com.apple.product-type.tool";
		};
		A5503B2C2B329E7700C80736 /* 4 */ = {
			isa = PBXNativeTarget;
			buildConfigurationList = A5503B312B329E7700C80736 /* Build configuration list for PBXNativeTarget "4" */;
			buildPhases = (
				A5503B292B329E7700C80736 /* Sources */,
				A5503B2A2B329E7700C80736 /* Frameworks */,
				A5503B2B2B329E7700C80736 /* CopyFiles */,
			);
			buildRules = (
			);
			dependencies = (
			);
			name = 4;
			productName = 4;
			productReference = A5503B2D2B329E7700C80736 /* 4 */;
			productType = "com.apple.product-type.tool";
		};
		A5503B372B329E7B00C80736 /* 5 */ = {
			isa = PBXNativeTarget;
			buildConfigurationList = A5503B3C2B329E7B00C80736 /* Build configuration list for PBXNativeTarget "5" */;
			buildPhases = (
				A5503B342B329E7B00C80736 /* Sources */,
				A5503B352B329E7B00C80736 /* Frameworks */,
				A5503B362B329E7B00C80736 /* CopyFiles */,
			);
			buildRules = (
			);
			dependencies = (
			);
			name = 5;
			productName = 5;
			productReference = A5503B382B329E7B00C80736 /* 5 */;
			productType = "com.apple.product-type.tool";
		};
		A5503B422B329E8300C80736 /* 6 */ = {
			isa = PBXNativeTarget;
			buildConfigurationList = A5503B472B329E8300C80736 /* Build configuration list for PBXNativeTarget "6" */;
			buildPhases = (
				A5503B3F2B329E8300C80736 /* Sources */,
				A5503B402B329E8300C80736 /* Frameworks */,
				A5503B412B329E8300C80736 /* CopyFiles */,
			);
			buildRules = (
			);
			dependencies = (
			);
			name = 6;
			productName = 6;
			productReference = A5503B432B329E8300C80736 /* 6 */;
			productType = "com.apple.product-type.tool";
		};
		A5503B4D2B329E8600C80736 /* 7 */ = {
			isa = PBXNativeTarget;
			buildConfigurationList = A5503B522B329E8600C80736 /* Build configuration list for PBXNativeTarget "7" */;
			buildPhases = (
				A5503B4A2B329E8600C80736 /* Sources */,
				A5503B4B2B329E8600C80736 /* Frameworks */,
				A5503B4C2B329E8600C80736 /* CopyFiles */,
			);
			buildRules = (
			);
			dependencies = (
			);
			name = 7;
			productName = 7;
			productReference = A5503B4E2B329E8600C80736 /* 7 */;
			productType = "com.apple.product-type.tool";
		};
		A5503B582B329E8900C80736 /* 8 */ = {
			isa = PBXNativeTarget;
			buildConfigurationList = A5503B5D2B329E8900C80736 /* Build configuration list for PBXNativeTarget "8" */;
			buildPhases = (
				A5503B552B329E8900C80736 /* Sources */,
				A5503B562B329E8900C80736 /* Frameworks */,
				A5503B572B329E8900C80736 /* CopyFiles */,
			);
			buildRules = (
			);
			dependencies = (
			);
			name = 8;
			productName = 8;
			productReference = A5503B592B329E8900C80736 /* 8 */;
			productType = "com.apple.product-type.tool";
		};
		A5503B632B329E9200C80736 /* 9 */ = {
			isa = PBXNativeTarget;
			buildConfigurationList = A5503B682B329E9300C80736 /* Build configuration list for PBXNativeTarget "9" */;
			buildPhases = (
				A5503B602B329E9200C80736 /* Sources */,
				A5503B612B329E9200C80736 /* Frameworks */,
				A5503B622B329E9200C80736 /* CopyFiles */,
			);
			buildRules = (
			);
			dependencies = (
			);
			name = 9;
			productName = 9;
			productReference = A5503B642B329E9300C80736 /* 9 */;
			productType = "com.apple.product-type.tool";
		};
		A5503B6E2B329E9700C80736 /* 10 */ = {
			isa = PBXNativeTarget;
			buildConfigurationList = A5503B732B329E9700C80736 /* Build configuration list for PBXNativeTarget "10" */;
			buildPhases = (
				A5503B6B2B329E9700C80736 /* Sources */,
				A5503B6C2B329E9700C80736 /* Frameworks */,
				A5503B6D2B329E9700C80736 /* CopyFiles */,
			);
			buildRules = (
			);
			dependencies = (
			);
			name = 10;
			productName = 10;
			productReference = A5503B6F2B329E9700C80736 /* 10 */;
			productType = "com.apple.product-type.tool";
		};
/* End PBXNativeTarget section */

/* Begin PBXProject section */
		A5503B012B329E1C00C80736 /* Project object */ = {
			isa = PBXProject;
			attributes = {
				BuildIndependentTargetsInParallel = 1;
				LastUpgradeCheck = 1500;
				TargetAttributes = {
					A5503B082B329E1C00C80736 = {
						CreatedOnToolsVersion = 15.0.1;
					};
					A5503B162B329E6700C80736 = {
						CreatedOnToolsVersion = 15.0.1;
					};
					A5503B212B329E7100C80736 = {
						CreatedOnToolsVersion = 15.0.1;
					};
					A5503B2C2B329E7700C80736 = {
						CreatedOnToolsVersion = 15.0.1;
					};
					A5503B372B329E7B00C80736 = {
						CreatedOnToolsVersion = 15.0.1;
					};
					A5503B422B329E8300C80736 = {
						CreatedOnToolsVersion = 15.0.1;
					};
					A5503B4D2B329E8600C80736 = {
						CreatedOnToolsVersion = 15.0.1;
					};
					A5503B582B329E8900C80736 = {
						CreatedOnToolsVersion = 15.0.1;
					};
					A5503B632B329E9200C80736 = {
						CreatedOnToolsVersion = 15.0.1;
					};
					A5503B6E2B329E9700C80736 = {
						CreatedOnToolsVersion = 15.0.1;
					};
				};
			};
			buildConfigurationList = A5503B042B329E1C00C80736 /* Build configuration list for PBXProject "1_lab" */;
			compatibilityVersion = "Xcode 14.0";
			developmentRegion = en;
			hasScannedForEncodings = 0;
			knownRegions = (
				en,
				Base,
			);
			mainGroup = A5503B002B329E1C00C80736;
			productRefGroup = A5503B0A2B329E1C00C80736 /* Products */;
			projectDirPath = "";
			projectRoot = "";
			targets = (
				A5503B082B329E1C00C80736 /* 1 */,
				A5503B162B329E6700C80736 /* 2 */,
				A5503B212B329E7100C80736 /* 3 */,
				A5503B2C2B329E7700C80736 /* 4 */,
				A5503B372B329E7B00C80736 /* 5 */,
				A5503B422B329E8300C80736 /* 6 */,
				A5503B4D2B329E8600C80736 /* 7 */,
				A5503B582B329E8900C80736 /* 8 */,
				A5503B632B329E9200C80736 /* 9 */,
				A5503B6E2B329E9700C80736 /* 10 */,
			);
		};
/* End PBXProject section */

/* Begin PBXSourcesBuildPhase section */
		A5503B052B329E1C00C80736 /* Sources */ = {
			isa = PBXSourcesBuildPhase;
			buildActionMask = 2147483647;
			files = (
				A5503B0D2B329E1C00C80736 /* main.c in Sources */,
			);
			runOnlyForDeploymentPostprocessing = 0;
		};
		A5503B132B329E6700C80736 /* Sources */ = {
			isa = PBXSourcesBuildPhase;
			buildActionMask = 2147483647;
			files = (
				A5503B1A2B329E6700C80736 /* main.c in Sources */,
			);
			runOnlyForDeploymentPostprocessing = 0;
		};
		A5503B1E2B329E7100C80736 /* Sources */ = {
			isa = PBXSourcesBuildPhase;
			buildActionMask = 2147483647;
			files = (
				A5503B252B329E7100C80736 /* main.c in Sources */,
			);
			runOnlyForDeploymentPostprocessing = 0;
		};
		A5503B292B329E7700C80736 /* Sources */ = {
			isa = PBXSourcesBuildPhase;
			buildActionMask = 2147483647;
			files = (
				A5503B302B329E7700C80736 /* main.c in Sources */,
			);
			runOnlyForDeploymentPostprocessing = 0;
		};
		A5503B342B329E7B00C80736 /* Sources */ = {
			isa = PBXSourcesBuildPhase;
			buildActionMask = 2147483647;
			files = (
				A5503B3B2B329E7B00C80736 /* main.c in Sources */,
			);
			runOnlyForDeploymentPostprocessing = 0;
		};
		A5503B3F2B329E8300C80736 /* Sources */ = {
			isa = PBXSourcesBuildPhase;
			buildActionMask = 2147483647;
			files = (
				A5503B462B329E8300C80736 /* main.c in Sources */,
			);
			runOnlyForDeploymentPostprocessing = 0;
		};
		A5503B4A2B329E8600C80736 /* Sources */ = {
			isa = PBXSourcesBuildPhase;
			buildActionMask = 2147483647;
			files = (
				A5503B512B329E8600C80736 /* main.c in Sources */,
			);
			runOnlyForDeploymentPostprocessing = 0;
		};
		A5503B552B329E8900C80736 /* Sources */ = {
			isa = PBXSourcesBuildPhase;
			buildActionMask = 2147483647;
			files = (
				A5503B5C2B329E8900C80736 /* main.c in Sources */,
			);
			runOnlyForDeploymentPostprocessing = 0;
		};
		A5503B602B329E9200C80736 /* Sources */ = {
			isa = PBXSourcesBuildPhase;
			buildActionMask = 2147483647;
			files = (
				A5503B672B329E9300C80736 /* main.c in Sources */,
			);
			runOnlyForDeploymentPostprocessing = 0;
		};
		A5503B6B2B329E9700C80736 /* Sources */ = {
			isa = PBXSourcesBuildPhase;
			buildActionMask = 2147483647;
			files = (
				A5503B722B329E9700C80736 /* main.c in Sources */,
			);
			runOnlyForDeploymentPostprocessing = 0;
		};
/* End PBXSourcesBuildPhase section */

/* Begin XCBuildConfiguration section */
		A5503B0E2B329E1C00C80736 /* Debug */ = {
			isa = XCBuildConfiguration;
			buildSettings = {
				ALWAYS_SEARCH_USER_PATHS = NO;
				ASSETCATALOG_COMPILER_GENERATE_SWIFT_ASSET_SYMBOL_EXTENSIONS = YES;
				CLANG_ANALYZER_NONNULL = YES;
				CLANG_ANALYZER_NUMBER_OBJECT_CONVERSION = YES_AGGRESSIVE;
				CLANG_CXX_LANGUAGE_STANDARD = "gnu++20";
				CLANG_ENABLE_MODULES = YES;
				CLANG_ENABLE_OBJC_ARC = YES;
				CLANG_ENABLE_OBJC_WEAK = YES;
				CLANG_WARN_BLOCK_CAPTURE_AUTORELEASING = YES;
				CLANG_WARN_BOOL_CONVERSION = YES;
				CLANG_WARN_COMMA = YES;
				CLANG_WARN_CONSTANT_CONVERSION = YES;
				CLANG_WARN_DEPRECATED_OBJC_IMPLEMENTATIONS = YES;
				CLANG_WARN_DIRECT_OBJC_ISA_USAGE = YES_ERROR;
				CLANG_WARN_DOCUMENTATION_COMMENTS = YES;
				CLANG_WARN_EMPTY_BODY = YES;
				CLANG_WARN_ENUM_CONVERSION = YES;
				CLANG_WARN_INFINITE_RECURSION = YES;
				CLANG_WARN_INT_CONVERSION = YES;
				CLANG_WARN_NON_LITERAL_NULL_CONVERSION = YES;
				CLANG_WARN_OBJC_IMPLICIT_RETAIN_SELF = YES;
				CLANG_WARN_OBJC_LITERAL_CONVERSION = YES;
				CLANG_WARN_OBJC_ROOT_CLASS = YES_ERROR;
				CLANG_WARN_QUOTED_INCLUDE_IN_FRAMEWORK_HEADER = YES;
				CLANG_WARN_RANGE_LOOP_ANALYSIS = YES;
				CLANG_WARN_STRICT_PROTOTYPES = YES;
				CLANG_WARN_SUSPICIOUS_MOVE = YES;
				CLANG_WARN_UNGUARDED_AVAILABILITY = YES_AGGRESSIVE;
				CLANG_WARN_UNREACHABLE_CODE = YES;
				CLANG_WARN__DUPLICATE_METHOD_MATCH = YES;
				COPY_PHASE_STRIP = NO;
				DEBUG_INFORMATION_FORMAT = dwarf;
				ENABLE_STRICT_OBJC_MSGSEND = YES;
				ENABLE_TESTABILITY = YES;
				ENABLE_USER_SCRIPT_SANDBOXING = YES;
				GCC_C_LANGUAGE_STANDARD = gnu17;
				GCC_DYNAMIC_NO_PIC = NO;
				GCC_NO_COMMON_BLOCKS = YES;
				GCC_OPTIMIZATION_LEVEL = 0;
				GCC_PREPROCESSOR_DEFINITIONS = (
					"DEBUG=1",
					"$(inherited)",
				);
				GCC_WARN_64_TO_32_BIT_CONVERSION = YES;
				GCC_WARN_ABOUT_RETURN_TYPE = YES_ERROR;
				GCC_WARN_UNDECLARED_SELECTOR = YES;
				GCC_WARN_UNINITIALIZED_AUTOS = YES_AGGRESSIVE;
				GCC_WARN_UNUSED_FUNCTION = YES;
				GCC_WARN_UNUSED_VARIABLE = YES;
				LOCALIZATION_PREFERS_STRING_CATALOGS = YES;
				MACOSX_DEPLOYMENT_TARGET = 14.0;
				MTL_ENABLE_DEBUG_INFO = INCLUDE_SOURCE;
				MTL_FAST_MATH = YES;
				ONLY_ACTIVE_ARCH = YES;
				SDKROOT = macosx;
			};
			name = Debug;
		};
		A5503B0F2B329E1C00C80736 /* Release */ = {
			isa = XCBuildConfiguration;
			buildSettings = {
				ALWAYS_SEARCH_USER_PATHS = NO;
				ASSETCATALOG_COMPILER_GENERATE_SWIFT_ASSET_SYMBOL_EXTENSIONS = YES;
				CLANG_ANALYZER_NONNULL = YES;
				CLANG_ANALYZER_NUMBER_OBJECT_CONVERSION = YES_AGGRESSIVE;
				CLANG_CXX_LANGUAGE_STANDARD = "gnu++20";
				CLANG_ENABLE_MODULES = YES;
				CLANG_ENABLE_OBJC_ARC = YES;
				CLANG_ENABLE_OBJC_WEAK = YES;
				CLANG_WARN_BLOCK_CAPTURE_AUTORELEASING = YES;
				CLANG_WARN_BOOL_CONVERSION = YES;
				CLANG_WARN_COMMA = YES;
				CLANG_WARN_CONSTANT_CONVERSION = YES;
				CLANG_WARN_DEPRECATED_OBJC_IMPLEMENTATIONS = YES;
				CLANG_WARN_DIRECT_OBJC_ISA_USAGE = YES_ERROR;
				CLANG_WARN_DOCUMENTATION_COMMENTS = YES;
				CLANG_WARN_EMPTY_BODY = YES;
				CLANG_WARN_ENUM_CONVERSION = YES;
				CLANG_WARN_INFINITE_RECURSION = YES;
				CLANG_WARN_INT_CONVERSION = YES;
				CLANG_WARN_NON_LITERAL_NULL_CONVERSION = YES;
				CLANG_WARN_OBJC_IMPLICIT_RETAIN_SELF = YES;
				CLANG_WARN_OBJC_LITERAL_CONVERSION = YES;
				CLANG_WARN_OBJC_ROOT_CLASS = YES_ERROR;
				CLANG_WARN_QUOTED_INCLUDE_IN_FRAMEWORK_HEADER = YES;
				CLANG_WARN_RANGE_LOOP_ANALYSIS = YES;
				CLANG_WARN_STRICT_PROTOTYPES = YES;
				CLANG_WARN_SUSPICIOUS_MOVE = YES;
				CLANG_WARN_UNGUARDED_AVAILABILITY = YES_AGGRESSIVE;
				CLANG_WARN_UNREACHABLE_CODE = YES;
				CLANG_WARN__DUPLICATE_METHOD_MATCH = YES;
				COPY_PHASE_STRIP = NO;
				DEBUG_INFORMATION_FORMAT = "dwarf-with-dsym";
				ENABLE_NS_ASSERTIONS = NO;
				ENABLE_STRICT_OBJC_MSGSEND = YES;
				ENABLE_USER_SCRIPT_SANDBOXING = YES;
				GCC_C_LANGUAGE_STANDARD = gnu17;
				GCC_NO_COMMON_BLOCKS = YES;
				GCC_WARN_64_TO_32_BIT_CONVERSION = YES;
				GCC_WARN_ABOUT_RETURN_TYPE = YES_ERROR;
				GCC_WARN_UNDECLARED_SELECTOR = YES;
				GCC_WARN_UNINITIALIZED_AUTOS = YES_AGGRESSIVE;
				GCC_WARN_UNUSED_FUNCTION = YES;
				GCC_WARN_UNUSED_VARIABLE = YES;
				LOCALIZATION_PREFERS_STRING_CATALOGS = YES;
				MACOSX_DEPLOYMENT_TARGET = 14.0;
				MTL_ENABLE_DEBUG_INFO = NO;
				MTL_FAST_MATH = YES;
				SDKROOT = macosx;
			};
			name = Release;
		};
		A5503B112B329E1C00C80736 /* Debug */ = {
			isa = XCBuildConfiguration;
			buildSettings = {
				CODE_SIGN_STYLE = Automatic;
				PRODUCT_NAME = "$(TARGET_NAME)";
			};
			name = Debug;
		};
		A5503B122B329E1C00C80736 /* Release */ = {
			isa = XCBuildConfiguration;
			buildSettings = {
				CODE_SIGN_STYLE = Automatic;
				PRODUCT_NAME = "$(TARGET_NAME)";
			};
			name = Release;
		};
		A5503B1C2B329E6700C80736 /* Debug */ = {
			isa = XCBuildConfiguration;
			buildSettings = {
				CODE_SIGN_STYLE = Automatic;
				PRODUCT_NAME = "$(TARGET_NAME)";
			};
			name = Debug;
		};
		A5503B1D2B329E6700C80736 /* Release */ = {
			isa = XCBuildConfiguration;
			buildSettings = {
				CODE_SIGN_STYLE = Automatic;
				PRODUCT_NAME = "$(TARGET_NAME)";
			};
			name = Release;
		};
		A5503B272B329E7100C80736 /* Debug */ = {
			isa = XCBuildConfiguration;
			buildSettings = {
				CODE_SIGN_STYLE = Automatic;
				PRODUCT_NAME = "$(TARGET_NAME)";
			};
			name = Debug;
		};
		A5503B282B329E7100C80736 /* Release */ = {
			isa = XCBuildConfiguration;
			buildSettings = {
				CODE_SIGN_STYLE = Automatic;
				PRODUCT_NAME = "$(TARGET_NAME)";
			};
			name = Release;
		};
		A5503B322B329E7700C80736 /* Debug */ = {
			isa = XCBuildConfiguration;
			buildSettings = {
				CODE_SIGN_STYLE = Automatic;
				PRODUCT_NAME = "$(TARGET_NAME)";
			};
			name = Debug;
		};
		A5503B332B329E7700C80736 /* Release */ = {
			isa = XCBuildConfiguration;
			buildSettings = {
				CODE_SIGN_STYLE = Automatic;
				PRODUCT_NAME = "$(TARGET_NAME)";
			};
			name = Release;
		};
		A5503B3D2B329E7B00C80736 /* Debug */ = {
			isa = XCBuildConfiguration;
			buildSettings = {
				CODE_SIGN_STYLE = Automatic;
				PRODUCT_NAME = "$(TARGET_NAME)";
			};
			name = Debug;
		};
		A5503B3E2B329E7B00C80736 /* Release */ = {
			isa = XCBuildConfiguration;
			buildSettings = {
				CODE_SIGN_STYLE = Automatic;
				PRODUCT_NAME = "$(TARGET_NAME)";
			};
			name = Release;
		};
		A5503B482B329E8300C80736 /* Debug */ = {
			isa = XCBuildConfiguration;
			buildSettings = {
				CODE_SIGN_STYLE = Automatic;
				PRODUCT_NAME = "$(TARGET_NAME)";
			};
			name = Debug;
		};
		A5503B492B329E8300C80736 /* Release */ = {
			isa = XCBuildConfiguration;
			buildSettings = {
				CODE_SIGN_STYLE = Automatic;
				PRODUCT_NAME = "$(TARGET_NAME)";
			};
			name = Release;
		};
		A5503B532B329E8600C80736 /* Debug */ = {
			isa = XCBuildConfiguration;
			buildSettings = {
				CODE_SIGN_STYLE = Automatic;
				PRODUCT_NAME = "$(TARGET_NAME)";
			};
			name = Debug;
		};
		A5503B542B329E8600C80736 /* Release */ = {
			isa = XCBuildConfiguration;
			buildSettings = {
				CODE_SIGN_STYLE = Automatic;
				PRODUCT_NAME = "$(TARGET_NAME)";
			};
			name = Release;
		};
		A5503B5E2B329E8900C80736 /* Debug */ = {
			isa = XCBuildConfiguration;
			buildSettings = {
				CODE_SIGN_STYLE = Automatic;
				PRODUCT_NAME = "$(TARGET_NAME)";
			};
			name = Debug;
		};
		A5503B5F2B329E8900C80736 /* Release */ = {
			isa = XCBuildConfiguration;
			buildSettings = {
				CODE_SIGN_STYLE = Automatic;
				PRODUCT_NAME = "$(TARGET_NAME)";
			};
			name = Release;
		};
		A5503B692B329E9300C80736 /* Debug */ = {
			isa = XCBuildConfiguration;
			buildSettings = {
				CODE_SIGN_STYLE = Automatic;
				PRODUCT_NAME = "$(TARGET_NAME)";
			};
			name = Debug;
		};
		A5503B6A2B329E9300C80736 /* Release */ = {
			isa = XCBuildConfiguration;
			buildSettings = {
				CODE_SIGN_STYLE = Automatic;
				PRODUCT_NAME = "$(TARGET_NAME)";
			};
			name = Release;
		};
		A5503B742B329E9700C80736 /* Debug */ = {
			isa = XCBuildConfiguration;
			buildSettings = {
				CODE_SIGN_STYLE = Automatic;
				PRODUCT_NAME = "$(TARGET_NAME)";
			};
			name = Debug;
		};
		A5503B752B329E9700C80736 /* Release */ = {
			isa = XCBuildConfiguration;
			buildSettings = {
				CODE_SIGN_STYLE = Automatic;
				PRODUCT_NAME = "$(TARGET_NAME)";
			};
			name = Release;
		};
/* End XCBuildConfiguration section */

/* Begin XCConfigurationList section */
		A5503B042B329E1C00C80736 /* Build configuration list for PBXProject "1_lab" */ = {
			isa = XCConfigurationList;
			buildConfigurations = (
				A5503B0E2B329E1C00C80736 /* Debug */,
				A5503B0F2B329E1C00C80736 /* Release */,
			);
			defaultConfigurationIsVisible = 0;
			defaultConfigurationName = Release;
		};
		A5503B102B329E1C00C80736 /* Build configuration list for PBXNativeTarget "1" */ = {
			isa = XCConfigurationList;
			buildConfigurations = (
				A5503B112B329E1C00C80736 /* Debug */,
				A5503B122B329E1C00C80736 /* Release */,
			);
			defaultConfigurationIsVisible = 0;
			defaultConfigurationName = Release;
		};
		A5503B1B2B329E6700C80736 /* Build configuration list for PBXNativeTarget "2" */ = {
			isa = XCConfigurationList;
			buildConfigurations = (
				A5503B1C2B329E6700C80736 /* Debug */,
				A5503B1D2B329E6700C80736 /* Release */,
			);
			defaultConfigurationIsVisible = 0;
			defaultConfigurationName = Release;
		};
		A5503B262B329E7100C80736 /* Build configuration list for PBXNativeTarget "3" */ = {
			isa = XCConfigurationList;
			buildConfigurations = (
				A5503B272B329E7100C80736 /* Debug */,
				A5503B282B329E7100C80736 /* Release */,
			);
			defaultConfigurationIsVisible = 0;
			defaultConfigurationName = Release;
		};
		A5503B312B329E7700C80736 /* Build configuration list for PBXNativeTarget "4" */ = {
			isa = XCConfigurationList;
			buildConfigurations = (
				A5503B322B329E7700C80736 /* Debug */,
				A5503B332B329E7700C80736 /* Release */,
			);
			defaultConfigurationIsVisible = 0;
			defaultConfigurationName = Release;
		};
		A5503B3C2B329E7B00C80736 /* Build configuration list for PBXNativeTarget "5" */ = {
			isa = XCConfigurationList;
			buildConfigurations = (
				A5503B3D2B329E7B00C80736 /* Debug */,
				A5503B3E2B329E7B00C80736 /* Release */,
			);
			defaultConfigurationIsVisible = 0;
			defaultConfigurationName = Release;
		};
		A5503B472B329E8300C80736 /* Build configuration list for PBXNativeTarget "6" */ = {
			isa = XCConfigurationList;
			buildConfigurations = (
				A5503B482B329E8300C80736 /* Debug */,
				A5503B492B329E8300C80736 /* Release */,
			);
			defaultConfigurationIsVisible = 0;
			defaultConfigurationName = Release;
		};
		A5503B522B329E8600C80736 /* Build configuration list for PBXNativeTarget "7" */ = {
			isa = XCConfigurationList;
			buildConfigurations = (
				A5503B532B329E8600C80736 /* Debug */,
				A5503B542B329E8600C80736 /* Release */,
			);
			defaultConfigurationIsVisible = 0;
			defaultConfigurationName = Release;
		};
		A5503B5D2B329E8900C80736 /* Build configuration list for PBXNativeTarget "8" */ = {
			isa = XCConfigurationList;
			buildConfigurations = (
				A5503B5E2B329E8900C80736 /* Debug */,
				A5503B5F2B329E8900C80736 /* Release */,
			);
			defaultConfigurationIsVisible = 0;
			defaultConfigurationName = Release;
		};
		A5503B682B329E9300C80736 /* Build configuration list for PBXNativeTarget "9" */ = {
			isa = XCConfigurationList;
			buildConfigurations = (
				A5503B692B329E9300C80736 /* Debug */,
				A5503B6A2B329E9300C80736 /* Release */,
			);
			defaultConfigurationIsVisible = 0;
			defaultConfigurationName = Release;
		};
		A5503B732B329E9700C80736 /* Build configuration list for PBXNativeTarget "10" */ = {
			isa = XCConfigurationList;
			buildConfigurations = (
				A5503B742B329E9700C80736 /* Debug */,
				A5503B752B329E9700C80736 /* Release */,
			);
			defaultConfigurationIsVisible = 0;
			defaultConfigurationName = Release;
		};
/* End XCConfigurationList section */
	};
	rootObject = A5503B012B329E1C00C80736 /* Project object */;
}
